# This file is autogenerated, do not edit; changes may be undone by the next 'dep ensure'.


[[projects]]
  digest = "1:3d2b9453df14ad4cb6759178198063dec3d6e0706d4e25611747c0dafd5060cc"
  name = "github.com/francoispqt/gojay"
  packages = ["."]
  pruneopts = "UT"
  revision = "90d953358b68936b4791b8db205b3a5918b1b7a5"
  version = "1.2.8"

[solve-meta]
  analyzer-name = "dep"
  analyzer-version = 1
  input-imports = ["github.com/francoispqt/gojay"]
  solver-name = "gps-cdcl"
  solver-version = 1
